
Microsoft Visual Studio Solution File, Format Version 12.00
# Visual Studio Version 17
VisualStudioVersion = 17.1.32228.430
MinimumVisualStudioVersion = 10.0.40219.1
Project("{9A19103F-16F7-4668-BE54-9A1E7A4F7556}") = "task1", "task1\task1.csproj", "{24F67ECE-AD0A-44AC-820E-60CD83627A7F}"
EndProject
Project("{9A19103F-16F7-4668-BE54-9A1E7A4F7556}") = "task2", "task2\task2.csproj", "{B3C1956A-BC95-4B71-B931-09893A623945}"
EndProject
Project("{9A19103F-16F7-4668-BE54-9A1E7A4F7556}") = "task3", "task3\task3.csproj", "{9E616F2B-A155-4BB3-A90A-2ED3B167FCBB}"
EndProject
Project("{9A19103F-16F7-4668-BE54-9A1E7A4F7556}") = "task4", "task4\task4.csproj", "{DB36F7B2-F1BE-4B6F-8753-BF34A1A321C7}"
EndProject
Project("{9A19103F-16F7-4668-BE54-9A1E7A4F7556}") = "task5", "task5\task5.csproj", "{335E11B3-5F6F-4E83-A9D4-C9F1D6436C48}"
EndProject
Project("{9A19103F-16F7-4668-BE54-9A1E7A4F7556}") = "task6", "task6\task6.csproj", "{1EACF8B0-AE39-4C3C-80D1-8FA87926CD18}"
EndProject
Project("{9A19103F-16F7-4668-BE54-9A1E7A4F7556}") = "task7", "task7\task7.csproj", "{613FB746-7412-4E49-A05B-4C9EF4474FC0}"
EndProject
Project("{FAE04EC0-301F-11D3-BF4B-00C04F79EFBC}") = "task8", "task8\task8.csproj", "{F1ED5D03-DF16-4D6A-98DC-24CFCF402ECF}"
EndProject
Project("{FAE04EC0-301F-11D3-BF4B-00C04F79EFBC}") = "task9", "task9\task9.csproj", "{28E0A661-8439-4978-99BB-035861E5DFC7}"
EndProject
Project("{FAE04EC0-301F-11D3-BF4B-00C04F79EFBC}") = "task10", "task10\task10.csproj", "{94E7AEE7-7385-4578-9819-9A96533CF424}"
EndProject
Project("{FAE04EC0-301F-11D3-BF4B-00C04F79EFBC}") = "task11", "task11\task11.csproj", "{99E5FBA5-855B-486C-A398-F44652C9DE5A}"
EndProject
Global
	GlobalSection(SolutionConfigurationPlatforms) = preSolution
		Debug|Any CPU = Debug|Any CPU
		Release|Any CPU = Release|Any CPU
	EndGlobalSection
	GlobalSection(ProjectConfigurationPlatforms) = postSolution
		{24F67ECE-AD0A-44AC-820E-60CD83627A7F}.Debug|Any CPU.ActiveCfg = Debug|Any CPU
		{24F67ECE-AD0A-44AC-820E-60CD83627A7F}.Debug|Any CPU.Build.0 = Debug|Any CPU
		{24F67ECE-AD0A-44AC-820E-60CD83627A7F}.Release|Any CPU.ActiveCfg = Release|Any CPU
		{24F67ECE-AD0A-44AC-820E-60CD83627A7F}.Release|Any CPU.Build.0 = Release|Any CPU
		{B3C1956A-BC95-4B71-B931-09893A623945}.Debug|Any CPU.ActiveCfg = Debug|Any CPU
		{B3C1956A-BC95-4B71-B931-09893A623945}.Debug|Any CPU.Build.0 = Debug|Any CPU
		{B3C1956A-BC95-4B71-B931-09893A623945}.Release|Any CPU.ActiveCfg = Release|Any CPU
		{B3C1956A-BC95-4B71-B931-09893A623945}.Release|Any CPU.Build.0 = Release|Any CPU
		{9E616F2B-A155-4BB3-A90A-2ED3B167FCBB}.Debug|Any CPU.ActiveCfg = Debug|Any CPU
		{9E616F2B-A155-4BB3-A90A-2ED3B167FCBB}.Debug|Any CPU.Build.0 = Debug|Any CPU
		{9E616F2B-A155-4BB3-A90A-2ED3B167FCBB}.Release|Any CPU.ActiveCfg = Release|Any CPU
		{9E616F2B-A155-4BB3-A90A-2ED3B167FCBB}.Release|Any CPU.Build.0 = Release|Any CPU
		{DB36F7B2-F1BE-4B6F-8753-BF34A1A321C7}.Debug|Any CPU.ActiveCfg = Debug|Any CPU
		{DB36F7B2-F1BE-4B6F-8753-BF34A1A321C7}.Debug|Any CPU.Build.0 = Debug|Any CPU
		{DB36F7B2-F1BE-4B6F-8753-BF34A1A321C7}.Release|Any CPU.ActiveCfg = Release|Any CPU
		{DB36F7B2-F1BE-4B6F-8753-BF34A1A321C7}.Release|Any CPU.Build.0 = Release|Any CPU
		{335E11B3-5F6F-4E83-A9D4-C9F1D6436C48}.Debug|Any CPU.ActiveCfg = Debug|Any CPU
		{335E11B3-5F6F-4E83-A9D4-C9F1D6436C48}.Debug|Any CPU.Build.0 = Debug|Any CPU
		{335E11B3-5F6F-4E83-A9D4-C9F1D6436C48}.Release|Any CPU.ActiveCfg = Release|Any CPU
		{335E11B3-5F6F-4E83-A9D4-C9F1D6436C48}.Release|Any CPU.Build.0 = Release|Any CPU
		{1EACF8B0-AE39-4C3C-80D1-8FA87926CD18}.Debug|Any CPU.ActiveCfg = Debug|Any CPU
		{1EACF8B0-AE39-4C3C-80D1-8FA87926CD18}.Debug|Any CPU.Build.0 = Debug|Any CPU
		{1EACF8B0-AE39-4C3C-80D1-8FA87926CD18}.Release|Any CPU.ActiveCfg = Release|Any CPU
		{1EACF8B0-AE39-4C3C-80D1-8FA87926CD18}.Release|Any CPU.Build.0 = Release|Any CPU
		{613FB746-7412-4E49-A05B-4C9EF4474FC0}.Debug|Any CPU.ActiveCfg = Debug|Any CPU
		{613FB746-7412-4E49-A05B-4C9EF4474FC0}.Debug|Any CPU.Build.0 = Debug|Any CPU
		{613FB746-7412-4E49-A05B-4C9EF4474FC0}.Release|Any CPU.ActiveCfg = Release|Any CPU
		{613FB746-7412-4E49-A05B-4C9EF4474FC0}.Release|Any CPU.Build.0 = Release|Any CPU
		{F1ED5D03-DF16-4D6A-98DC-24CFCF402ECF}.Debug|Any CPU.ActiveCfg = Debug|Any CPU
		{F1ED5D03-DF16-4D6A-98DC-24CFCF402ECF}.Debug|Any CPU.Build.0 = Debug|Any CPU
		{F1ED5D03-DF16-4D6A-98DC-24CFCF402ECF}.Release|Any CPU.ActiveCfg = Release|Any CPU
		{F1ED5D03-DF16-4D6A-98DC-24CFCF402ECF}.Release|Any CPU.Build.0 = Release|Any CPU
		{28E0A661-8439-4978-99BB-035861E5DFC7}.Debug|Any CPU.ActiveCfg = Debug|Any CPU
		{28E0A661-8439-4978-99BB-035861E5DFC7}.Debug|Any CPU.Build.0 = Debug|Any CPU
		{28E0A661-8439-4978-99BB-035861E5DFC7}.Release|Any CPU.ActiveCfg = Release|Any CPU
		{28E0A661-8439-4978-99BB-035861E5DFC7}.Release|Any CPU.Build.0 = Release|Any CPU
		{94E7AEE7-7385-4578-9819-9A96533CF424}.Debug|Any CPU.ActiveCfg = Debug|Any CPU
		{94E7AEE7-7385-4578-9819-9A96533CF424}.Debug|Any CPU.Build.0 = Debug|Any CPU
		{94E7AEE7-7385-4578-9819-9A96533CF424}.Release|Any CPU.ActiveCfg = Release|Any CPU
		{94E7AEE7-7385-4578-9819-9A96533CF424}.Release|Any CPU.Build.0 = Release|Any CPU
		{99E5FBA5-855B-486C-A398-F44652C9DE5A}.Debug|Any CPU.ActiveCfg = Debug|Any CPU
		{99E5FBA5-855B-486C-A398-F44652C9DE5A}.Debug|Any CPU.Build.0 = Debug|Any CPU
		{99E5FBA5-855B-486C-A398-F44652C9DE5A}.Release|Any CPU.ActiveCfg = Release|Any CPU
		{99E5FBA5-855B-486C-A398-F44652C9DE5A}.Release|Any CPU.Build.0 = Release|Any CPU
	EndGlobalSection
	GlobalSection(SolutionProperties) = preSolution
		HideSolutionNode = FALSE
	EndGlobalSection
	GlobalSection(ExtensibilityGlobals) = postSolution
		SolutionGuid = {3553B7E3-6639-4887-BE97-DCC61F582939}
	EndGlobalSection
EndGlobal
